
Microsoft Visual Studio Solution File, Format Version 12.00
# Visual Studio 15
VisualStudioVersion = 15.0.27428.2015
MinimumVisualStudioVersion = 10.0.40219.1
Project("{FAE04EC0-301F-11D3-BF4B-00C04F79EFBC}") = "Presenter", "Presenter\Presenter.csproj", "{D0AA12D1-4F7B-497C-8C31-A1F346D80C60}"
EndProject
Project("{FAE04EC0-301F-11D3-BF4B-00C04F79EFBC}") = "Model", "Model\Model.csproj", "{DEF7792E-23EE-42C4-B9F8-28D32BABFC94}"
EndProject
Project("{FAE04EC0-301F-11D3-BF4B-00C04F79EFBC}") = "View", "View\View.csproj", "{88F1173C-005E-4302-A370-6CDCE55A4D58}"
EndProject
Project("{FAE04EC0-301F-11D3-BF4B-00C04F79EFBC}") = "Tests", "Tests\Tests.csproj", "{48A433BE-3627-4952-9A2C-3962AC1852E6}"
EndProject
Project("{FAE04EC0-301F-11D3-BF4B-00C04F79EFBC}") = "ViewVlc215", "ViewVlc215\ViewVlc215.csproj", "{5D6A8F8C-07E2-4C4E-B584-0383EF1B769D}"
EndProject
Global
	GlobalSection(SolutionConfigurationPlatforms) = preSolution
		Debug|Any CPU = Debug|Any CPU
		Release|Any CPU = Release|Any CPU
	EndGlobalSection
	GlobalSection(ProjectConfigurationPlatforms) = postSolution
		{D0AA12D1-4F7B-497C-8C31-A1F346D80C60}.Debug|Any CPU.ActiveCfg = Debug|Any CPU
		{D0AA12D1-4F7B-497C-8C31-A1F346D80C60}.Debug|Any CPU.Build.0 = Debug|Any CPU
		{D0AA12D1-4F7B-497C-8C31-A1F346D80C60}.Release|Any CPU.ActiveCfg = Release|Any CPU
		{D0AA12D1-4F7B-497C-8C31-A1F346D80C60}.Release|Any CPU.Build.0 = Release|Any CPU
		{DEF7792E-23EE-42C4-B9F8-28D32BABFC94}.Debug|Any CPU.ActiveCfg = Debug|Any CPU
		{DEF7792E-23EE-42C4-B9F8-28D32BABFC94}.Debug|Any CPU.Build.0 = Debug|Any CPU
		{DEF7792E-23EE-42C4-B9F8-28D32BABFC94}.Release|Any CPU.ActiveCfg = Release|Any CPU
		{DEF7792E-23EE-42C4-B9F8-28D32BABFC94}.Release|Any CPU.Build.0 = Release|Any CPU
		{88F1173C-005E-4302-A370-6CDCE55A4D58}.Debug|Any CPU.ActiveCfg = Debug|Any CPU
		{88F1173C-005E-4302-A370-6CDCE55A4D58}.Debug|Any CPU.Build.0 = Debug|Any CPU
		{88F1173C-005E-4302-A370-6CDCE55A4D58}.Release|Any CPU.ActiveCfg = Release|Any CPU
		{88F1173C-005E-4302-A370-6CDCE55A4D58}.Release|Any CPU.Build.0 = Release|Any CPU
		{48A433BE-3627-4952-9A2C-3962AC1852E6}.Debug|Any CPU.ActiveCfg = Debug|Any CPU
		{48A433BE-3627-4952-9A2C-3962AC1852E6}.Debug|Any CPU.Build.0 = Debug|Any CPU
		{48A433BE-3627-4952-9A2C-3962AC1852E6}.Release|Any CPU.ActiveCfg = Release|Any CPU
		{48A433BE-3627-4952-9A2C-3962AC1852E6}.Release|Any CPU.Build.0 = Release|Any CPU
		{5D6A8F8C-07E2-4C4E-B584-0383EF1B769D}.Debug|Any CPU.ActiveCfg = Debug|Any CPU
		{5D6A8F8C-07E2-4C4E-B584-0383EF1B769D}.Debug|Any CPU.Build.0 = Debug|Any CPU
		{5D6A8F8C-07E2-4C4E-B584-0383EF1B769D}.Release|Any CPU.ActiveCfg = Release|Any CPU
		{5D6A8F8C-07E2-4C4E-B584-0383EF1B769D}.Release|Any CPU.Build.0 = Release|Any CPU
	EndGlobalSection
	GlobalSection(SolutionProperties) = preSolution
		HideSolutionNode = FALSE
	EndGlobalSection
	GlobalSection(ExtensibilityGlobals) = postSolution
		SolutionGuid = {43180BB9-2D74-49A5-B0AA-1DF4C9E952BB}
	EndGlobalSection
EndGlobal
